Microsoft Visual Studio Solution File, Format Version 12.00
# Visual Studio Version 17
VisualStudioVersion = 17.5.2.0
MinimumVisualStudioVersion = 10.0.40219.1
Project("{FAE04EC0-301F-11D3-BF4B-00C04F79EFBC}") = "KernelFileManager", "KernelFileManager.csproj", "{766BBC96-F892-3980-C02E-D4B3CEC7D96A}"
EndProject
Global
	GlobalSection(SolutionConfigurationPlatforms) = preSolution
		Debug|Any CPU = Debug|Any CPU
		Release|Any CPU = Release|Any CPU
	EndGlobalSection
	GlobalSection(ProjectConfigurationPlatforms) = postSolution
		{766BBC96-F892-3980-C02E-D4B3CEC7D96A}.Debug|Any CPU.ActiveCfg = Debug|Any CPU
		{766BBC96-F892-3980-C02E-D4B3CEC7D96A}.Debug|Any CPU.Build.0 = Debug|Any CPU
		{766BBC96-F892-3980-C02E-D4B3CEC7D96A}.Release|Any CPU.ActiveCfg = Release|Any CPU
		{766BBC96-F892-3980-C02E-D4B3CEC7D96A}.Release|Any CPU.Build.0 = Release|Any CPU
	EndGlobalSection
	GlobalSection(SolutionProperties) = preSolution
		HideSolutionNode = FALSE
	EndGlobalSection
	GlobalSection(ExtensibilityGlobals) = postSolution
		SolutionGuid = {B71753A9-2255-4DC3-BE9C-FFCD1543385F}
	EndGlobalSection
EndGlobal
